// !$*UTF8*$!
{
	archiveVersion = 1;
	classes = {
	};
	objectVersion = 54;
	objects = {

/* Begin PBXBuildFile section */
		058834DDD9E541A5AD88AFDE /* digiclock.ttf in Resources */ = {isa = PBXBuildFile; fileRef = 10F9D8299AD74B1186726E8B /* digiclock.ttf */; };
		05D5B723EC264A0FA83A2201 /* font_abc_4.otf in Resources */ = {isa = PBXBuildFile; fileRef = 7FFB9DFCE61B42AC8E1AFE9A /* font_abc_4.otf */; };
		0A8F25C2CA414DB587D2ECB1 /* font_abc_1.ttf in Resources */ = {isa = PBXBuildFile; fileRef = 3508A9CCF887463BBA113240 /* font_abc_1.ttf */; };
		0C80B921A6F3F58F76C31292 /* libPods-Samplew.a in Frameworks */ = {isa = PBXBuildFile; fileRef = 5DCACB8F33CDC322A6C60F78 /* libPods-Samplew.a */; };
		0D55BE6E1F5745FFAEA1D909 /* laine.ttf in Resources */ = {isa = PBXBuildFile; fileRef = D46EEDC4ED4941939869D5F7 /* laine.ttf */; };
		0ECAD44ED5D44797A26FC9EE /* gooddog.otf in Resources */ = {isa = PBXBuildFile; fileRef = CA250542E42E42D18CC13BCD /* gooddog.otf */; };
		13B07FBF1A68108700A75B9A /* Images.xcassets in Resources */ = {isa = PBXBuildFile; fileRef = 13B07FB51A68108700A75B9A /* Images.xcassets */; };
		1CBD8939F005473385265F7B /* caviardreams.ttf in Resources */ = {isa = PBXBuildFile; fileRef = 1572AB56F4D3442FABF01AF0 /* caviardreams.ttf */; };
		34607D8E896D45E08DA8FD45 /* sofiaregular.ttf in Resources */ = {isa = PBXBuildFile; fileRef = 7EA8441965A44A908D5F00E0 /* sofiaregular.ttf */; };
		3A0FDAA732304ABE8AAC3645 /* quicksandregular.otf in Resources */ = {isa = PBXBuildFile; fileRef = BC2883D7C92D4352A3CBB722 /* quicksandregular.otf */; };
		3B7D78FAA8BB44B39CF33F94 /* serreriasobria.otf in Resources */ = {isa = PBXBuildFile; fileRef = 022CA4D800F846E7A9C5FC29 /* serreriasobria.otf */; };
		3EDC8A750F9B449191ED27B5 /* stratolinked.ttf in Resources */ = {isa = PBXBuildFile; fileRef = C3703F4C15694C48A0A18813 /* stratolinked.ttf */; };
		41FB736C9BC742539A64D07F /* font_abc_2.ttf in Resources */ = {isa = PBXBuildFile; fileRef = 49A3B4D1BCB045479F5EC15F /* font_abc_2.ttf */; };
		426344C4457B4490BA8B730F /* mfstillkindaridiculous.ttf in Resources */ = {isa = PBXBuildFile; fileRef = 08CB6298129E49558A4A43F3 /* mfstillkindaridiculous.ttf */; };
		51D6E621D37D46378677E182 /* windsong.ttf in Resources */ = {isa = PBXBuildFile; fileRef = 5FC30F6BA3F94659BD92304D /* windsong.ttf */; };
		61A5AEC8E44F46C9B8F7C8C7 /* pacifico.ttf in Resources */ = {isa = PBXBuildFile; fileRef = 7B8109CE8BB3405A8F5679B3 /* pacifico.ttf */; };
		6F0B81A764A34F0B998F1BF6 /* otfpoc.otf in Resources */ = {isa = PBXBuildFile; fileRef = C8610ABEA7AE4C32908EED8A /* otfpoc.otf */; };
		761780ED2CA45674006654EE /* AppDelegate.swift in Sources */ = {isa = PBXBuildFile; fileRef = 761780EC2CA45674006654EE /* AppDelegate.swift */; };
		77654717EE5E42E78FEE63EE /* primalream.otf in Resources */ = {isa = PBXBuildFile; fileRef = A912A6E7E8EE409681560223 /* primalream.otf */; };
		78BC3C45BE8D49C5B9D4AEA9 /* font_abc_8.ttf in Resources */ = {isa = PBXBuildFile; fileRef = A60FAE08EEF64F33852AF1F8 /* font_abc_8.ttf */; };
		7B67A33F89CD44C7BF4DA63B /* font_abc_7.ttf in Resources */ = {isa = PBXBuildFile; fileRef = 3ECBA5F9CFE046B48C518647 /* font_abc_7.ttf */; };
		81AB9BB82411601600AC10FF /* LaunchScreen.storyboard in Resources */ = {isa = PBXBuildFile; fileRef = 81AB9BB72411601600AC10FF /* LaunchScreen.storyboard */; };
		88ABFEDFE2A64893B6E289E8 /* gtw.ttf in Resources */ = {isa = PBXBuildFile; fileRef = F33E4FDD756E44E7A20ABE25 /* gtw.ttf */; };
		8C7497F9F2824CC2A41DEB2C /* waltographul.ttf in Resources */ = {isa = PBXBuildFile; fileRef = 165F625A3F274EED8D518975 /* waltographul.ttf */; };
		93638BD2E3904AA8B352A959 /* binz.ttf in Resources */ = {isa = PBXBuildFile; fileRef = 3BEF609FCAA946AAB19ADB0D /* binz.ttf */; };
		93AF18F7AECC41A6985DA1C0 /* romanantique.ttf in Resources */ = {isa = PBXBuildFile; fileRef = BC435483D47248549E6AEB05 /* romanantique.ttf */; };
		967B647BD46B44AB94AE5C09 /* semplicita_light.otf in Resources */ = {isa = PBXBuildFile; fileRef = D7BCE203B9DE4C5CBA097DE0 /* semplicita_light.otf */; };
		97ECD35EFE97467ABFDB9CE4 /* jester.ttf in Resources */ = {isa = PBXBuildFile; fileRef = 2CF024CB4EF34B3E963C783E /* jester.ttf */; };
		9C96D7389D1C4C90AB8FA620 /* freeuniversalbold.ttf in Resources */ = {isa = PBXBuildFile; fileRef = 3A228F3036244DF8983FA7CF /* freeuniversalbold.ttf */; };
		9F69164A2F9F407B9731557A /* blunt.ttf in Resources */ = {isa = PBXBuildFile; fileRef = 0EF2AC2977614AC78533F8E1 /* blunt.ttf */; };
		A4EE76FFDDC14BF9AEB8EF8E /* font_abc_5.ttf in Resources */ = {isa = PBXBuildFile; fileRef = C5E5617250A749A39C9AB4CC /* font_abc_5.ttf */; };
		A7D0F518FAB24627877206ED /* ospdin.ttf in Resources */ = {isa = PBXBuildFile; fileRef = F55E572C433B48CDAE1EB88A /* ospdin.ttf */; };
		B6BC6463AED4434899B8C9A9 /* font_abc_6.ttf in Resources */ = {isa = PBXBuildFile; fileRef = 258CFEDD74C04367AB709FF6 /* font_abc_6.ttf */; };
		BAE10456172B4D0E9580F187 /* robotothin.ttf in Resources */ = {isa = PBXBuildFile; fileRef = 7888D2CB5EC84A378CADF6F0 /* robotothin.ttf */; };
		BC082D00A709427DB9C98F95 /* oldfolksshuffle.ttf in Resources */ = {isa = PBXBuildFile; fileRef = FE69F570684F4E06A3442BD8 /* oldfolksshuffle.ttf */; };
		BE229D0E255847EFBF354324 /* vinque.ttf in Resources */ = {isa = PBXBuildFile; fileRef = 7CCE304F26A2488395795AC5 /* vinque.ttf */; };
		D0B090935AFB46AB9111EA2A /* handtest.ttf in Resources */ = {isa = PBXBuildFile; fileRef = 34F3785F14BE47758814AF4B /* handtest.ttf */; };
		D1E297F92DF3FADD000AFFA7 /* selfie_segmenter.tflite in Resources */ = {isa = PBXBuildFile; fileRef = D1E297F82DF3FADD000AFFA7 /* selfie_segmenter.tflite */; };
		D1E297FB2DF3FB16000AFFA7 /* BackgroundRemover .swift in Sources */ = {isa = PBXBuildFile; fileRef = D1E297FA2DF3FB16000AFFA7 /* BackgroundRemover .swift */; };
		D1E297FD2DF3FB6F000AFFA7 /* UIImage+Utils.swift in Sources */ = {isa = PBXBuildFile; fileRef = D1E297FC2DF3FB6F000AFFA7 /* UIImage+Utils.swift */; };
		D1E298002DF3FD5B000AFFA7 /* BackgroundRemoverBridge.m in Sources */ = {isa = PBXBuildFile; fileRef = D1E297FF2DF3FD5B000AFFA7 /* BackgroundRemoverBridge.m */; };
		D1E298022DF40078000AFFA7 /* test.jpg in Resources */ = {isa = PBXBuildFile; fileRef = D1E298012DF40078000AFFA7 /* test.jpg */; };
		D1E298062DF40E4C000AFFA7 /* deeplabv3_mnv2_257x257.tflite in Resources */ = {isa = PBXBuildFile; fileRef = D1E298052DF40E4C000AFFA7 /* deeplabv3_mnv2_257x257.tflite */; };
		DC05BDC5D78B4EB592301CCD /* ahundredmiles.ttf in Resources */ = {isa = PBXBuildFile; fileRef = F47139CD5519454C8F6A3626 /* ahundredmiles.ttf */; };
		DF38DA0F9C544F6AA7C9AC89 /* font_abc_3.otf in Resources */ = {isa = PBXBuildFile; fileRef = CE31B0D5F84A419FA490B5CE /* font_abc_3.otf */; };
		DFFCFA485B0662CDD3A5A4AE /* PrivacyInfo.xcprivacy in Resources */ = {isa = PBXBuildFile; fileRef = 13B07FB81A68108700A75B9A /* PrivacyInfo.xcprivacy */; };
		EDB8F86CB25E40F8AF03E786 /* junctions.otf in Resources */ = {isa = PBXBuildFile; fileRef = 59A1338CD43747F696D5035A /* junctions.otf */; };
		EFF131417B294F82A94E3706 /* notcouriersans.otf in Resources */ = {isa = PBXBuildFile; fileRef = 4710CBC65C314A338E0E179F /* notcouriersans.otf */; };
/* End PBXBuildFile section */

/* Begin PBXFileReference section */
		022CA4D800F846E7A9C5FC29 /* serreriasobria.otf */ = {isa = PBXFileReference; explicitFileType = undefined; fileEncoding = 9; includeInIndex = 0; lastKnownFileType = unknown; name = serreriasobria.otf; path = ../assets/fonts/serreriasobria.otf; sourceTree = "<group>"; };
		08CB6298129E49558A4A43F3 /* mfstillkindaridiculous.ttf */ = {isa = PBXFileReference; explicitFileType = undefined; fileEncoding = 9; includeInIndex = 0; lastKnownFileType = unknown; name = mfstillkindaridiculous.ttf; path = ../assets/fonts/mfstillkindaridiculous.ttf; sourceTree = "<group>"; };
		0EF2AC2977614AC78533F8E1 /* blunt.ttf */ = {isa = PBXFileReference; explicitFileType = undefined; fileEncoding = 9; includeInIndex = 0; lastKnownFileType = unknown; name = blunt.ttf; path = ../assets/fonts/blunt.ttf; sourceTree = "<group>"; };
		10F9D8299AD74B1186726E8B /* digiclock.ttf */ = {isa = PBXFileReference; explicitFileType = undefined; fileEncoding = 9; includeInIndex = 0; lastKnownFileType = unknown; name = digiclock.ttf; path = ../assets/fonts/digiclock.ttf; sourceTree = "<group>"; };
		13B07F961A680F5B00A75B9A /* Samplew.app */ = {isa = PBXFileReference; explicitFileType = wrapper.application; includeInIndex = 0; path = Samplew.app; sourceTree = BUILT_PRODUCTS_DIR; };
		13B07FB51A68108700A75B9A /* Images.xcassets */ = {isa = PBXFileReference; lastKnownFileType = folder.assetcatalog; name = Images.xcassets; path = Samplew/Images.xcassets; sourceTree = "<group>"; };
		13B07FB61A68108700A75B9A /* Info.plist */ = {isa = PBXFileReference; fileEncoding = 4; lastKnownFileType = text.plist.xml; name = Info.plist; path = Samplew/Info.plist; sourceTree = "<group>"; };
		13B07FB81A68108700A75B9A /* PrivacyInfo.xcprivacy */ = {isa = PBXFileReference; fileEncoding = 4; lastKnownFileType = text.plist.xml; name = PrivacyInfo.xcprivacy; path = Samplew/PrivacyInfo.xcprivacy; sourceTree = "<group>"; };
		1572AB56F4D3442FABF01AF0 /* caviardreams.ttf */ = {isa = PBXFileReference; explicitFileType = undefined; fileEncoding = 9; includeInIndex = 0; lastKnownFileType = unknown; name = caviardreams.ttf; path = ../assets/fonts/caviardreams.ttf; sourceTree = "<group>"; };
		165F625A3F274EED8D518975 /* waltographul.ttf */ = {isa = PBXFileReference; explicitFileType = undefined; fileEncoding = 9; includeInIndex = 0; lastKnownFileType = unknown; name = waltographul.ttf; path = ../assets/fonts/waltographul.ttf; sourceTree = "<group>"; };
		258CFEDD74C04367AB709FF6 /* font_abc_6.ttf */ = {isa = PBXFileReference; explicitFileType = undefined; fileEncoding = 9; includeInIndex = 0; lastKnownFileType = unknown; name = font_abc_6.ttf; path = ../assets/fonts/font_abc_6.ttf; sourceTree = "<group>"; };
		2CF024CB4EF34B3E963C783E /* jester.ttf */ = {isa = PBXFileReference; explicitFileType = undefined; fileEncoding = 9; includeInIndex = 0; lastKnownFileType = unknown; name = jester.ttf; path = ../assets/fonts/jester.ttf; sourceTree = "<group>"; };
		34F3785F14BE47758814AF4B /* handtest.ttf */ = {isa = PBXFileReference; explicitFileType = undefined; fileEncoding = 9; includeInIndex = 0; lastKnownFileType = unknown; name = handtest.ttf; path = ../assets/fonts/handtest.ttf; sourceTree = "<group>"; };
		3508A9CCF887463BBA113240 /* font_abc_1.ttf */ = {isa = PBXFileReference; explicitFileType = undefined; fileEncoding = 9; includeInIndex = 0; lastKnownFileType = unknown; name = font_abc_1.ttf; path = ../assets/fonts/font_abc_1.ttf; sourceTree = "<group>"; };
		3A228F3036244DF8983FA7CF /* freeuniversalbold.ttf */ = {isa = PBXFileReference; explicitFileType = undefined; fileEncoding = 9; includeInIndex = 0; lastKnownFileType = unknown; name = freeuniversalbold.ttf; path = ../assets/fonts/freeuniversalbold.ttf; sourceTree = "<group>"; };
		3B4392A12AC88292D35C810B /* Pods-Samplew.debug.xcconfig */ = {isa = PBXFileReference; includeInIndex = 1; lastKnownFileType = text.xcconfig; name = "Pods-Samplew.debug.xcconfig"; path = "Target Support Files/Pods-Samplew/Pods-Samplew.debug.xcconfig"; sourceTree = "<group>"; };
		3BEF609FCAA946AAB19ADB0D /* binz.ttf */ = {isa = PBXFileReference; explicitFileType = undefined; fileEncoding = 9; includeInIndex = 0; lastKnownFileType = unknown; name = binz.ttf; path = ../assets/fonts/binz.ttf; sourceTree = "<group>"; };
		3ECBA5F9CFE046B48C518647 /* font_abc_7.ttf */ = {isa = PBXFileReference; explicitFileType = undefined; fileEncoding = 9; includeInIndex = 0; lastKnownFileType = unknown; name = font_abc_7.ttf; path = ../assets/fonts/font_abc_7.ttf; sourceTree = "<group>"; };
		4710CBC65C314A338E0E179F /* notcouriersans.otf */ = {isa = PBXFileReference; explicitFileType = undefined; fileEncoding = 9; includeInIndex = 0; lastKnownFileType = unknown; name = notcouriersans.otf; path = ../assets/fonts/notcouriersans.otf; sourceTree = "<group>"; };
		49A3B4D1BCB045479F5EC15F /* font_abc_2.ttf */ = {isa = PBXFileReference; explicitFileType = undefined; fileEncoding = 9; includeInIndex = 0; lastKnownFileType = unknown; name = font_abc_2.ttf; path = ../assets/fonts/font_abc_2.ttf; sourceTree = "<group>"; };
		5709B34CF0A7D63546082F79 /* Pods-Samplew.release.xcconfig */ = {isa = PBXFileReference; includeInIndex = 1; lastKnownFileType = text.xcconfig; name = "Pods-Samplew.release.xcconfig"; path = "Target Support Files/Pods-Samplew/Pods-Samplew.release.xcconfig"; sourceTree = "<group>"; };
		59A1338CD43747F696D5035A /* junctions.otf */ = {isa = PBXFileReference; explicitFileType = undefined; fileEncoding = 9; includeInIndex = 0; lastKnownFileType = unknown; name = junctions.otf; path = ../assets/fonts/junctions.otf; sourceTree = "<group>"; };
		5DCACB8F33CDC322A6C60F78 /* libPods-Samplew.a */ = {isa = PBXFileReference; explicitFileType = archive.ar; includeInIndex = 0; path = "libPods-Samplew.a"; sourceTree = BUILT_PRODUCTS_DIR; };
		5FC30F6BA3F94659BD92304D /* windsong.ttf */ = {isa = PBXFileReference; explicitFileType = undefined; fileEncoding = 9; includeInIndex = 0; lastKnownFileType = unknown; name = windsong.ttf; path = ../assets/fonts/windsong.ttf; sourceTree = "<group>"; };
		761780EC2CA45674006654EE /* AppDelegate.swift */ = {isa = PBXFileReference; lastKnownFileType = sourcecode.swift; name = AppDelegate.swift; path = Samplew/AppDelegate.swift; sourceTree = "<group>"; };
		7888D2CB5EC84A378CADF6F0 /* robotothin.ttf */ = {isa = PBXFileReference; explicitFileType = undefined; fileEncoding = 9; includeInIndex = 0; lastKnownFileType = unknown; name = robotothin.ttf; path = ../assets/fonts/robotothin.ttf; sourceTree = "<group>"; };
		7B8109CE8BB3405A8F5679B3 /* pacifico.ttf */ = {isa = PBXFileReference; explicitFileType = undefined; fileEncoding = 9; includeInIndex = 0; lastKnownFileType = unknown; name = pacifico.ttf; path = ../assets/fonts/pacifico.ttf; sourceTree = "<group>"; };
		7CCE304F26A2488395795AC5 /* vinque.ttf */ = {isa = PBXFileReference; explicitFileType = undefined; fileEncoding = 9; includeInIndex = 0; lastKnownFileType = unknown; name = vinque.ttf; path = ../assets/fonts/vinque.ttf; sourceTree = "<group>"; };
		7EA8441965A44A908D5F00E0 /* sofiaregular.ttf */ = {isa = PBXFileReference; explicitFileType = undefined; fileEncoding = 9; includeInIndex = 0; lastKnownFileType = unknown; name = sofiaregular.ttf; path = ../assets/fonts/sofiaregular.ttf; sourceTree = "<group>"; };
		7FFB9DFCE61B42AC8E1AFE9A /* font_abc_4.otf */ = {isa = PBXFileReference; explicitFileType = undefined; fileEncoding = 9; includeInIndex = 0; lastKnownFileType = unknown; name = font_abc_4.otf; path = ../assets/fonts/font_abc_4.otf; sourceTree = "<group>"; };
		81AB9BB72411601600AC10FF /* LaunchScreen.storyboard */ = {isa = PBXFileReference; fileEncoding = 4; lastKnownFileType = file.storyboard; name = LaunchScreen.storyboard; path = Samplew/LaunchScreen.storyboard; sourceTree = "<group>"; };
		A60FAE08EEF64F33852AF1F8 /* font_abc_8.ttf */ = {isa = PBXFileReference; explicitFileType = undefined; fileEncoding = 9; includeInIndex = 0; lastKnownFileType = unknown; name = font_abc_8.ttf; path = ../assets/fonts/font_abc_8.ttf; sourceTree = "<group>"; };
		A912A6E7E8EE409681560223 /* primalream.otf */ = {isa = PBXFileReference; explicitFileType = undefined; fileEncoding = 9; includeInIndex = 0; lastKnownFileType = unknown; name = primalream.otf; path = ../assets/fonts/primalream.otf; sourceTree = "<group>"; };
		BC2883D7C92D4352A3CBB722 /* quicksandregular.otf */ = {isa = PBXFileReference; explicitFileType = undefined; fileEncoding = 9; includeInIndex = 0; lastKnownFileType = unknown; name = quicksandregular.otf; path = ../assets/fonts/quicksandregular.otf; sourceTree = "<group>"; };
		BC435483D47248549E6AEB05 /* romanantique.ttf */ = {isa = PBXFileReference; explicitFileType = undefined; fileEncoding = 9; includeInIndex = 0; lastKnownFileType = unknown; name = romanantique.ttf; path = ../assets/fonts/romanantique.ttf; sourceTree = "<group>"; };
		C3703F4C15694C48A0A18813 /* stratolinked.ttf */ = {isa = PBXFileReference; explicitFileType = undefined; fileEncoding = 9; includeInIndex = 0; lastKnownFileType = unknown; name = stratolinked.ttf; path = ../assets/fonts/stratolinked.ttf; sourceTree = "<group>"; };
		C5E5617250A749A39C9AB4CC /* font_abc_5.ttf */ = {isa = PBXFileReference; explicitFileType = undefined; fileEncoding = 9; includeInIndex = 0; lastKnownFileType = unknown; name = font_abc_5.ttf; path = ../assets/fonts/font_abc_5.ttf; sourceTree = "<group>"; };
		C8610ABEA7AE4C32908EED8A /* otfpoc.otf */ = {isa = PBXFileReference; explicitFileType = undefined; fileEncoding = 9; includeInIndex = 0; lastKnownFileType = unknown; name = otfpoc.otf; path = ../assets/fonts/otfpoc.otf; sourceTree = "<group>"; };
		CA250542E42E42D18CC13BCD /* gooddog.otf */ = {isa = PBXFileReference; explicitFileType = undefined; fileEncoding = 9; includeInIndex = 0; lastKnownFileType = unknown; name = gooddog.otf; path = ../assets/fonts/gooddog.otf; sourceTree = "<group>"; };
		CE31B0D5F84A419FA490B5CE /* font_abc_3.otf */ = {isa = PBXFileReference; explicitFileType = undefined; fileEncoding = 9; includeInIndex = 0; lastKnownFileType = unknown; name = font_abc_3.otf; path = ../assets/fonts/font_abc_3.otf; sourceTree = "<group>"; };
		D1E297F82DF3FADD000AFFA7 /* selfie_segmenter.tflite */ = {isa = PBXFileReference; lastKnownFileType = file; path = selfie_segmenter.tflite; sourceTree = "<group>"; };
		D1E297FA2DF3FB16000AFFA7 /* BackgroundRemover .swift */ = {isa = PBXFileReference; lastKnownFileType = sourcecode.swift; path = "BackgroundRemover .swift"; sourceTree = "<group>"; };
		D1E297FC2DF3FB6F000AFFA7 /* UIImage+Utils.swift */ = {isa = PBXFileReference; lastKnownFileType = sourcecode.swift; path = "UIImage+Utils.swift"; sourceTree = "<group>"; };
		D1E297FE2DF3FD5B000AFFA7 /* Samplew-Bridging-Header.h */ = {isa = PBXFileReference; lastKnownFileType = sourcecode.c.h; path = "Samplew-Bridging-Header.h"; sourceTree = "<group>"; };
		D1E297FF2DF3FD5B000AFFA7 /* BackgroundRemoverBridge.m */ = {isa = PBXFileReference; lastKnownFileType = sourcecode.c.objc; path = BackgroundRemoverBridge.m; sourceTree = "<group>"; };
		D1E298012DF40078000AFFA7 /* test.jpg */ = {isa = PBXFileReference; lastKnownFileType = image.jpeg; path = test.jpg; sourceTree = "<group>"; };
		D1E298052DF40E4C000AFFA7 /* deeplabv3_mnv2_257x257.tflite */ = {isa = PBXFileReference; lastKnownFileType = file; path = deeplabv3_mnv2_257x257.tflite; sourceTree = "<group>"; };
		D46EEDC4ED4941939869D5F7 /* laine.ttf */ = {isa = PBXFileReference; explicitFileType = undefined; fileEncoding = 9; includeInIndex = 0; lastKnownFileType = unknown; name = laine.ttf; path = ../assets/fonts/laine.ttf; sourceTree = "<group>"; };
		D7BCE203B9DE4C5CBA097DE0 /* semplicita_light.otf */ = {isa = PBXFileReference; explicitFileType = undefined; fileEncoding = 9; includeInIndex = 0; lastKnownFileType = unknown; name = semplicita_light.otf; path = ../assets/fonts/semplicita_light.otf; sourceTree = "<group>"; };
		ED297162215061F000B7C4FE /* JavaScriptCore.framework */ = {isa = PBXFileReference; lastKnownFileType = wrapper.framework; name = JavaScriptCore.framework; path = System/Library/Frameworks/JavaScriptCore.framework; sourceTree = SDKROOT; };
		F33E4FDD756E44E7A20ABE25 /* gtw.ttf */ = {isa = PBXFileReference; explicitFileType = undefined; fileEncoding = 9; includeInIndex = 0; lastKnownFileType = unknown; name = gtw.ttf; path = ../assets/fonts/gtw.ttf; sourceTree = "<group>"; };
		F47139CD5519454C8F6A3626 /* ahundredmiles.ttf */ = {isa = PBXFileReference; explicitFileType = undefined; fileEncoding = 9; includeInIndex = 0; lastKnownFileType = unknown; name = ahundredmiles.ttf; path = ../assets/fonts/ahundredmiles.ttf; sourceTree = "<group>"; };
		F55E572C433B48CDAE1EB88A /* ospdin.ttf */ = {isa = PBXFileReference; explicitFileType = undefined; fileEncoding = 9; includeInIndex = 0; lastKnownFileType = unknown; name = ospdin.ttf; path = ../assets/fonts/ospdin.ttf; sourceTree = "<group>"; };
		FE69F570684F4E06A3442BD8 /* oldfolksshuffle.ttf */ = {isa = PBXFileReference; explicitFileType = undefined; fileEncoding = 9; includeInIndex = 0; lastKnownFileType = unknown; name = oldfolksshuffle.ttf; path = ../assets/fonts/oldfolksshuffle.ttf; sourceTree = "<group>"; };
/* End PBXFileReference section */

/* Begin PBXFrameworksBuildPhase section */
		13B07F8C1A680F5B00A75B9A /* Frameworks */ = {
			isa = PBXFrameworksBuildPhase;
			buildActionMask = 2147483647;
			files = (
				0C80B921A6F3F58F76C31292 /* libPods-Samplew.a in Frameworks */,
			);
			runOnlyForDeploymentPostprocessing = 0;
		};
/* End PBXFrameworksBuildPhase section */

/* Begin PBXGroup section */
		13B07FAE1A68108700A75B9A /* Samplew */ = {
			isa = PBXGroup;
			children = (
				13B07FB51A68108700A75B9A /* Images.xcassets */,
				761780EC2CA45674006654EE /* AppDelegate.swift */,
				13B07FB61A68108700A75B9A /* Info.plist */,
				81AB9BB72411601600AC10FF /* LaunchScreen.storyboard */,
				13B07FB81A68108700A75B9A /* PrivacyInfo.xcprivacy */,
			);
			name = Samplew;
			sourceTree = "<group>";
		};
		2D16E6871FA4F8E400B85C8A /* Frameworks */ = {
			isa = PBXGroup;
			children = (
				ED297162215061F000B7C4FE /* JavaScriptCore.framework */,
				5DCACB8F33CDC322A6C60F78 /* libPods-Samplew.a */,
			);
			name = Frameworks;
			sourceTree = "<group>";
		};
		553B3EE884804C36B027302E /* Resources */ = {
			isa = PBXGroup;
			children = (
				CE31B0D5F84A419FA490B5CE /* font_abc_3.otf */,
				7FFB9DFCE61B42AC8E1AFE9A /* font_abc_4.otf */,
				CA250542E42E42D18CC13BCD /* gooddog.otf */,
				59A1338CD43747F696D5035A /* junctions.otf */,
				4710CBC65C314A338E0E179F /* notcouriersans.otf */,
				C8610ABEA7AE4C32908EED8A /* otfpoc.otf */,
				A912A6E7E8EE409681560223 /* primalream.otf */,
				BC2883D7C92D4352A3CBB722 /* quicksandregular.otf */,
				D7BCE203B9DE4C5CBA097DE0 /* semplicita_light.otf */,
				022CA4D800F846E7A9C5FC29 /* serreriasobria.otf */,
				F47139CD5519454C8F6A3626 /* ahundredmiles.ttf */,
				3BEF609FCAA946AAB19ADB0D /* binz.ttf */,
				0EF2AC2977614AC78533F8E1 /* blunt.ttf */,
				1572AB56F4D3442FABF01AF0 /* caviardreams.ttf */,
				10F9D8299AD74B1186726E8B /* digiclock.ttf */,
				3508A9CCF887463BBA113240 /* font_abc_1.ttf */,
				49A3B4D1BCB045479F5EC15F /* font_abc_2.ttf */,
				C5E5617250A749A39C9AB4CC /* font_abc_5.ttf */,
				258CFEDD74C04367AB709FF6 /* font_abc_6.ttf */,
				3ECBA5F9CFE046B48C518647 /* font_abc_7.ttf */,
				A60FAE08EEF64F33852AF1F8 /* font_abc_8.ttf */,
				3A228F3036244DF8983FA7CF /* freeuniversalbold.ttf */,
				F33E4FDD756E44E7A20ABE25 /* gtw.ttf */,
				34F3785F14BE47758814AF4B /* handtest.ttf */,
				2CF024CB4EF34B3E963C783E /* jester.ttf */,
				D46EEDC4ED4941939869D5F7 /* laine.ttf */,
				08CB6298129E49558A4A43F3 /* mfstillkindaridiculous.ttf */,
				FE69F570684F4E06A3442BD8 /* oldfolksshuffle.ttf */,
				F55E572C433B48CDAE1EB88A /* ospdin.ttf */,
				7B8109CE8BB3405A8F5679B3 /* pacifico.ttf */,
				7888D2CB5EC84A378CADF6F0 /* robotothin.ttf */,
				BC435483D47248549E6AEB05 /* romanantique.ttf */,
				7EA8441965A44A908D5F00E0 /* sofiaregular.ttf */,
				C3703F4C15694C48A0A18813 /* stratolinked.ttf */,
				7CCE304F26A2488395795AC5 /* vinque.ttf */,
				165F625A3F274EED8D518975 /* waltographul.ttf */,
				5FC30F6BA3F94659BD92304D /* windsong.ttf */,
			);
			name = Resources;
			sourceTree = "<group>";
		};
		832341AE1AAA6A7D00B99B32 /* Libraries */ = {
			isa = PBXGroup;
			children = (
			);
			name = Libraries;
			sourceTree = "<group>";
		};
		83CBB9F61A601CBA00E9B192 = {
			isa = PBXGroup;
			children = (
				D1E297FF2DF3FD5B000AFFA7 /* BackgroundRemoverBridge.m */,
				D1E297FC2DF3FB6F000AFFA7 /* UIImage+Utils.swift */,
				D1E297FA2DF3FB16000AFFA7 /* BackgroundRemover .swift */,
				13B07FAE1A68108700A75B9A /* Samplew */,
				832341AE1AAA6A7D00B99B32 /* Libraries */,
				83CBBA001A601CBA00E9B192 /* Products */,
				2D16E6871FA4F8E400B85C8A /* Frameworks */,
				BBD78D7AC51CEA395F1C20DB /* Pods */,
				D1E297F82DF3FADD000AFFA7 /* selfie_segmenter.tflite */,
				D1E297FE2DF3FD5B000AFFA7 /* Samplew-Bridging-Header.h */,
				D1E298012DF40078000AFFA7 /* test.jpg */,
				D1E298052DF40E4C000AFFA7 /* deeplabv3_mnv2_257x257.tflite */,
				553B3EE884804C36B027302E /* Resources */,
			);
			indentWidth = 2;
			sourceTree = "<group>";
			tabWidth = 2;
			usesTabs = 0;
		};
		83CBBA001A601CBA00E9B192 /* Products */ = {
			isa = PBXGroup;
			children = (
				13B07F961A680F5B00A75B9A /* Samplew.app */,
			);
			name = Products;
			sourceTree = "<group>";
		};
		BBD78D7AC51CEA395F1C20DB /* Pods */ = {
			isa = PBXGroup;
			children = (
				3B4392A12AC88292D35C810B /* Pods-Samplew.debug.xcconfig */,
				5709B34CF0A7D63546082F79 /* Pods-Samplew.release.xcconfig */,
			);
			path = Pods;
			sourceTree = "<group>";
		};
/* End PBXGroup section */

/* Begin PBXNativeTarget section */
		13B07F861A680F5B00A75B9A /* Samplew */ = {
			isa = PBXNativeTarget;
			buildConfigurationList = 13B07F931A680F5B00A75B9A /* Build configuration list for PBXNativeTarget "Samplew" */;
			buildPhases = (
				C38B50BA6285516D6DCD4F65 /* [CP] Check Pods Manifest.lock */,
				13B07F871A680F5B00A75B9A /* Sources */,
				13B07F8C1A680F5B00A75B9A /* Frameworks */,
				13B07F8E1A680F5B00A75B9A /* Resources */,
				00DD1BFF1BD5951E006B06BC /* Bundle React Native code and images */,
				00EEFC60759A1932668264C0 /* [CP] Embed Pods Frameworks */,
				E235C05ADACE081382539298 /* [CP] Copy Pods Resources */,
			);
			buildRules = (
			);
			dependencies = (
			);
			name = Samplew;
			productName = Samplew;
			productReference = 13B07F961A680F5B00A75B9A /* Samplew.app */;
			productType = "com.apple.product-type.application";
		};
/* End PBXNativeTarget section */

/* Begin PBXProject section */
		83CBB9F71A601CBA00E9B192 /* Project object */ = {
			isa = PBXProject;
			attributes = {
				LastUpgradeCheck = 1210;
				TargetAttributes = {
					13B07F861A680F5B00A75B9A = {
						LastSwiftMigration = 1620;
					};
				};
			};
			buildConfigurationList = 83CBB9FA1A601CBA00E9B192 /* Build configuration list for PBXProject "Samplew" */;
			compatibilityVersion = "Xcode 12.0";
			developmentRegion = en;
			hasScannedForEncodings = 0;
			knownRegions = (
				en,
				Base,
			);
			mainGroup = 83CBB9F61A601CBA00E9B192;
			productRefGroup = 83CBBA001A601CBA00E9B192 /* Products */;
			projectDirPath = "";
			projectRoot = "";
			targets = (
				13B07F861A680F5B00A75B9A /* Samplew */,
			);
		};
/* End PBXProject section */

/* Begin PBXResourcesBuildPhase section */
		13B07F8E1A680F5B00A75B9A /* Resources */ = {
			isa = PBXResourcesBuildPhase;
			buildActionMask = 2147483647;
			files = (
				81AB9BB82411601600AC10FF /* LaunchScreen.storyboard in Resources */,
				13B07FBF1A68108700A75B9A /* Images.xcassets in Resources */,
				D1E298022DF40078000AFFA7 /* test.jpg in Resources */,
				D1E297F92DF3FADD000AFFA7 /* selfie_segmenter.tflite in Resources */,
				D1E298062DF40E4C000AFFA7 /* deeplabv3_mnv2_257x257.tflite in Resources */,
				DFFCFA485B0662CDD3A5A4AE /* PrivacyInfo.xcprivacy in Resources */,
				DF38DA0F9C544F6AA7C9AC89 /* font_abc_3.otf in Resources */,
				05D5B723EC264A0FA83A2201 /* font_abc_4.otf in Resources */,
				0ECAD44ED5D44797A26FC9EE /* gooddog.otf in Resources */,
				EDB8F86CB25E40F8AF03E786 /* junctions.otf in Resources */,
				EFF131417B294F82A94E3706 /* notcouriersans.otf in Resources */,
				6F0B81A764A34F0B998F1BF6 /* otfpoc.otf in Resources */,
				77654717EE5E42E78FEE63EE /* primalream.otf in Resources */,
				3A0FDAA732304ABE8AAC3645 /* quicksandregular.otf in Resources */,
				967B647BD46B44AB94AE5C09 /* semplicita_light.otf in Resources */,
				3B7D78FAA8BB44B39CF33F94 /* serreriasobria.otf in Resources */,
				DC05BDC5D78B4EB592301CCD /* ahundredmiles.ttf in Resources */,
				93638BD2E3904AA8B352A959 /* binz.ttf in Resources */,
				9F69164A2F9F407B9731557A /* blunt.ttf in Resources */,
				1CBD8939F005473385265F7B /* caviardreams.ttf in Resources */,
				058834DDD9E541A5AD88AFDE /* digiclock.ttf in Resources */,
				0A8F25C2CA414DB587D2ECB1 /* font_abc_1.ttf in Resources */,
				41FB736C9BC742539A64D07F /* font_abc_2.ttf in Resources */,
				A4EE76FFDDC14BF9AEB8EF8E /* font_abc_5.ttf in Resources */,
				B6BC6463AED4434899B8C9A9 /* font_abc_6.ttf in Resources */,
				7B67A33F89CD44C7BF4DA63B /* font_abc_7.ttf in Resources */,
				78BC3C45BE8D49C5B9D4AEA9 /* font_abc_8.ttf in Resources */,
				9C96D7389D1C4C90AB8FA620 /* freeuniversalbold.ttf in Resources */,
				88ABFEDFE2A64893B6E289E8 /* gtw.ttf in Resources */,
				D0B090935AFB46AB9111EA2A /* handtest.ttf in Resources */,
				97ECD35EFE97467ABFDB9CE4 /* jester.ttf in Resources */,
				0D55BE6E1F5745FFAEA1D909 /* laine.ttf in Resources */,
				426344C4457B4490BA8B730F /* mfstillkindaridiculous.ttf in Resources */,
				BC082D00A709427DB9C98F95 /* oldfolksshuffle.ttf in Resources */,
				A7D0F518FAB24627877206ED /* ospdin.ttf in Resources */,
				61A5AEC8E44F46C9B8F7C8C7 /* pacifico.ttf in Resources */,
				BAE10456172B4D0E9580F187 /* robotothin.ttf in Resources */,
				93AF18F7AECC41A6985DA1C0 /* romanantique.ttf in Resources */,
				34607D8E896D45E08DA8FD45 /* sofiaregular.ttf in Resources */,
				3EDC8A750F9B449191ED27B5 /* stratolinked.ttf in Resources */,
				BE229D0E255847EFBF354324 /* vinque.ttf in Resources */,
				8C7497F9F2824CC2A41DEB2C /* waltographul.ttf in Resources */,
				51D6E621D37D46378677E182 /* windsong.ttf in Resources */,
			);
			runOnlyForDeploymentPostprocessing = 0;
		};
/* End PBXResourcesBuildPhase section */

/* Begin PBXShellScriptBuildPhase section */
		00DD1BFF1BD5951E006B06BC /* Bundle React Native code and images */ = {
			isa = PBXShellScriptBuildPhase;
			buildActionMask = 2147483647;
			files = (
			);
			inputPaths = (
				"$(SRCROOT)/.xcode.env.local",
				"$(SRCROOT)/.xcode.env",
			);
			name = "Bundle React Native code and images";
			outputPaths = (
			);
			runOnlyForDeploymentPostprocessing = 0;
			shellPath = /bin/sh;
			shellScript = "set -e\n\nWITH_ENVIRONMENT=\"$REACT_NATIVE_PATH/scripts/xcode/with-environment.sh\"\nREACT_NATIVE_XCODE=\"$REACT_NATIVE_PATH/scripts/react-native-xcode.sh\"\n\n/bin/sh -c \"$WITH_ENVIRONMENT $REACT_NATIVE_XCODE\"\n";
		};
		00EEFC60759A1932668264C0 /* [CP] Embed Pods Frameworks */ = {
			isa = PBXShellScriptBuildPhase;
			buildActionMask = 2147483647;
			files = (
			);
			inputFileListPaths = (
				"${PODS_ROOT}/Target Support Files/Pods-Samplew/Pods-Samplew-frameworks-${CONFIGURATION}-input-files.xcfilelist",
			);
			name = "[CP] Embed Pods Frameworks";
			outputFileListPaths = (
				"${PODS_ROOT}/Target Support Files/Pods-Samplew/Pods-Samplew-frameworks-${CONFIGURATION}-output-files.xcfilelist",
			);
			runOnlyForDeploymentPostprocessing = 0;
			shellPath = /bin/sh;
			shellScript = "\"${PODS_ROOT}/Target Support Files/Pods-Samplew/Pods-Samplew-frameworks.sh\"\n";
			showEnvVarsInLog = 0;
		};
		C38B50BA6285516D6DCD4F65 /* [CP] Check Pods Manifest.lock */ = {
			isa = PBXShellScriptBuildPhase;
			buildActionMask = 2147483647;
			files = (
			);
			inputFileListPaths = (
			);
			inputPaths = (
				"${PODS_PODFILE_DIR_PATH}/Podfile.lock",
				"${PODS_ROOT}/Manifest.lock",
			);
			name = "[CP] Check Pods Manifest.lock";
			outputFileListPaths = (
			);
			outputPaths = (
				"$(DERIVED_FILE_DIR)/Pods-Samplew-checkManifestLockResult.txt",
			);
			runOnlyForDeploymentPostprocessing = 0;
			shellPath = /bin/sh;
			shellScript = "diff \"${PODS_PODFILE_DIR_PATH}/Podfile.lock\" \"${PODS_ROOT}/Manifest.lock\" > /dev/null\nif [ $? != 0 ] ; then\n    # print error to STDERR\n    echo \"error: The sandbox is not in sync with the Podfile.lock. Run 'pod install' or update your CocoaPods installation.\" >&2\n    exit 1\nfi\n# This output is used by Xcode 'outputs' to avoid re-running this script phase.\necho \"SUCCESS\" > \"${SCRIPT_OUTPUT_FILE_0}\"\n";
			showEnvVarsInLog = 0;
		};
		E235C05ADACE081382539298 /* [CP] Copy Pods Resources */ = {
			isa = PBXShellScriptBuildPhase;
			buildActionMask = 2147483647;
			files = (
			);
			inputFileListPaths = (
				"${PODS_ROOT}/Target Support Files/Pods-Samplew/Pods-Samplew-resources-${CONFIGURATION}-input-files.xcfilelist",
			);
			name = "[CP] Copy Pods Resources";
			outputFileListPaths = (
				"${PODS_ROOT}/Target Support Files/Pods-Samplew/Pods-Samplew-resources-${CONFIGURATION}-output-files.xcfilelist",
			);
			runOnlyForDeploymentPostprocessing = 0;
			shellPath = /bin/sh;
			shellScript = "\"${PODS_ROOT}/Target Support Files/Pods-Samplew/Pods-Samplew-resources.sh\"\n";
			showEnvVarsInLog = 0;
		};
/* End PBXShellScriptBuildPhase section */

/* Begin PBXSourcesBuildPhase section */
		13B07F871A680F5B00A75B9A /* Sources */ = {
			isa = PBXSourcesBuildPhase;
			buildActionMask = 2147483647;
			files = (
				761780ED2CA45674006654EE /* AppDelegate.swift in Sources */,
				D1E298002DF3FD5B000AFFA7 /* BackgroundRemoverBridge.m in Sources */,
				D1E297FB2DF3FB16000AFFA7 /* BackgroundRemover .swift in Sources */,
				D1E297FD2DF3FB6F000AFFA7 /* UIImage+Utils.swift in Sources */,
			);
			runOnlyForDeploymentPostprocessing = 0;
		};
/* End PBXSourcesBuildPhase section */

/* Begin XCBuildConfiguration section */
		13B07F941A680F5B00A75B9A /* Debug */ = {
			isa = XCBuildConfiguration;
			baseConfigurationReference = 3B4392A12AC88292D35C810B /* Pods-Samplew.debug.xcconfig */;
			buildSettings = {
				ASSETCATALOG_COMPILER_APPICON_NAME = AppIcon;
				CLANG_ENABLE_MODULES = YES;
				CURRENT_PROJECT_VERSION = 1;
				ENABLE_BITCODE = NO;
				INFOPLIST_FILE = Samplew/Info.plist;
				IPHONEOS_DEPLOYMENT_TARGET = 15.1;
				LD_RUNPATH_SEARCH_PATHS = (
					"$(inherited)",
					"@executable_path/Frameworks",
				);
				MARKETING_VERSION = 1.0;
				OTHER_LDFLAGS = (
					"$(inherited)",
					"-ObjC",
					"-lc++",
				);
				PRODUCT_BUNDLE_IDENTIFIER = "org.reactjs.native.example.$(PRODUCT_NAME:rfc1034identifier)";
				PRODUCT_NAME = Samplew;
				SWIFT_OBJC_BRIDGING_HEADER = "Samplew-Bridging-Header.h";
				SWIFT_OPTIMIZATION_LEVEL = "-Onone";
				SWIFT_VERSION = 5.0;
				VERSIONING_SYSTEM = "apple-generic";
			};
			name = Debug;
		};
		13B07F951A680F5B00A75B9A /* Release */ = {
			isa = XCBuildConfiguration;
			baseConfigurationReference = 5709B34CF0A7D63546082F79 /* Pods-Samplew.release.xcconfig */;
			buildSettings = {
				ASSETCATALOG_COMPILER_APPICON_NAME = AppIcon;
				CLANG_ENABLE_MODULES = YES;
				CURRENT_PROJECT_VERSION = 1;
				INFOPLIST_FILE = Samplew/Info.plist;
				IPHONEOS_DEPLOYMENT_TARGET = 15.1;
				LD_RUNPATH_SEARCH_PATHS = (
					"$(inherited)",
					"@executable_path/Frameworks",
				);
				MARKETING_VERSION = 1.0;
				OTHER_LDFLAGS = (
					"$(inherited)",
					"-ObjC",
					"-lc++",
				);
				PRODUCT_BUNDLE_IDENTIFIER = "org.reactjs.native.example.$(PRODUCT_NAME:rfc1034identifier)";
				PRODUCT_NAME = Samplew;
				SWIFT_OBJC_BRIDGING_HEADER = "Samplew-Bridging-Header.h";
				SWIFT_VERSION = 5.0;
				VERSIONING_SYSTEM = "apple-generic";
			};
			name = Release;
		};
		83CBBA201A601CBA00E9B192 /* Debug */ = {
			isa = XCBuildConfiguration;
			buildSettings = {
				ALWAYS_SEARCH_USER_PATHS = NO;
				CLANG_ANALYZER_LOCALIZABILITY_NONLOCALIZED = YES;
				CLANG_CXX_LANGUAGE_STANDARD = "c++20";
				CLANG_CXX_LIBRARY = "libc++";
				CLANG_ENABLE_MODULES = YES;
				CLANG_ENABLE_OBJC_ARC = YES;
				CLANG_WARN_BLOCK_CAPTURE_AUTORELEASING = YES;
				CLANG_WARN_BOOL_CONVERSION = YES;
				CLANG_WARN_COMMA = YES;
				CLANG_WARN_CONSTANT_CONVERSION = YES;
				CLANG_WARN_DEPRECATED_OBJC_IMPLEMENTATIONS = YES;
				CLANG_WARN_DIRECT_OBJC_ISA_USAGE = YES_ERROR;
				CLANG_WARN_EMPTY_BODY = YES;
				CLANG_WARN_ENUM_CONVERSION = YES;
				CLANG_WARN_INFINITE_RECURSION = YES;
				CLANG_WARN_INT_CONVERSION = YES;
				CLANG_WARN_NON_LITERAL_NULL_CONVERSION = YES;
				CLANG_WARN_OBJC_IMPLICIT_RETAIN_SELF = YES;
				CLANG_WARN_OBJC_LITERAL_CONVERSION = YES;
				CLANG_WARN_OBJC_ROOT_CLASS = YES_ERROR;
				CLANG_WARN_QUOTED_INCLUDE_IN_FRAMEWORK_HEADER = YES;
				CLANG_WARN_RANGE_LOOP_ANALYSIS = YES;
				CLANG_WARN_STRICT_PROTOTYPES = YES;
				CLANG_WARN_SUSPICIOUS_MOVE = YES;
				CLANG_WARN_UNREACHABLE_CODE = YES;
				CLANG_WARN__DUPLICATE_METHOD_MATCH = YES;
				"CODE_SIGN_IDENTITY[sdk=iphoneos*]" = "iPhone Developer";
				COPY_PHASE_STRIP = NO;
				ENABLE_STRICT_OBJC_MSGSEND = YES;
				ENABLE_TESTABILITY = YES;
				"EXCLUDED_ARCHS[sdk=iphonesimulator*]" = "";
				GCC_C_LANGUAGE_STANDARD = gnu99;
				GCC_DYNAMIC_NO_PIC = NO;
				GCC_NO_COMMON_BLOCKS = YES;
				GCC_OPTIMIZATION_LEVEL = 0;
				GCC_PREPROCESSOR_DEFINITIONS = (
					"DEBUG=1",
					"$(inherited)",
				);
				GCC_SYMBOLS_PRIVATE_EXTERN = NO;
				GCC_WARN_64_TO_32_BIT_CONVERSION = YES;
				GCC_WARN_ABOUT_RETURN_TYPE = YES_ERROR;
				GCC_WARN_UNDECLARED_SELECTOR = YES;
				GCC_WARN_UNINITIALIZED_AUTOS = YES_AGGRESSIVE;
				GCC_WARN_UNUSED_FUNCTION = YES;
				GCC_WARN_UNUSED_VARIABLE = YES;
				IPHONEOS_DEPLOYMENT_TARGET = 15.1;
				LD_RUNPATH_SEARCH_PATHS = (
					/usr/lib/swift,
					"$(inherited)",
				);
				LIBRARY_SEARCH_PATHS = (
					"\"$(SDKROOT)/usr/lib/swift\"",
					"\"$(TOOLCHAIN_DIR)/usr/lib/swift/$(PLATFORM_NAME)\"",
					"\"$(inherited)\"",
				);
				MTL_ENABLE_DEBUG_INFO = YES;
				ONLY_ACTIVE_ARCH = YES;
				OTHER_CPLUSPLUSFLAGS = (
					"$(OTHER_CFLAGS)",
					"-DFOLLY_NO_CONFIG",
					"-DFOLLY_MOBILE=1",
					"-DFOLLY_USE_LIBCPP=1",
					"-DFOLLY_CFG_NO_COROUTINES=1",
					"-DFOLLY_HAVE_CLOCK_GETTIME=1",
				);
				OTHER_LDFLAGS = (
					"$(inherited)",
					" ",
				);
				REACT_NATIVE_PATH = "${PODS_ROOT}/../../node_modules/react-native";
				SDKROOT = iphoneos;
				SWIFT_ACTIVE_COMPILATION_CONDITIONS = "$(inherited) DEBUG";
				USE_HERMES = true;
			};
			name = Debug;
		};
		83CBBA211A601CBA00E9B192 /* Release */ = {
			isa = XCBuildConfiguration;
			buildSettings = {
				ALWAYS_SEARCH_USER_PATHS = NO;
				CLANG_ANALYZER_LOCALIZABILITY_NONLOCALIZED = YES;
				CLANG_CXX_LANGUAGE_STANDARD = "c++20";
				CLANG_CXX_LIBRARY = "libc++";
				CLANG_ENABLE_MODULES = YES;
				CLANG_ENABLE_OBJC_ARC = YES;
				CLANG_WARN_BLOCK_CAPTURE_AUTORELEASING = YES;
				CLANG_WARN_BOOL_CONVERSION = YES;
				CLANG_WARN_COMMA = YES;
				CLANG_WARN_CONSTANT_CONVERSION = YES;
				CLANG_WARN_DEPRECATED_OBJC_IMPLEMENTATIONS = YES;
				CLANG_WARN_DIRECT_OBJC_ISA_USAGE = YES_ERROR;
				CLANG_WARN_EMPTY_BODY = YES;
				CLANG_WARN_ENUM_CONVERSION = YES;
				CLANG_WARN_INFINITE_RECURSION = YES;
				CLANG_WARN_INT_CONVERSION = YES;
				CLANG_WARN_NON_LITERAL_NULL_CONVERSION = YES;
				CLANG_WARN_OBJC_IMPLICIT_RETAIN_SELF = YES;
				CLANG_WARN_OBJC_LITERAL_CONVERSION = YES;
				CLANG_WARN_OBJC_ROOT_CLASS = YES_ERROR;
				CLANG_WARN_QUOTED_INCLUDE_IN_FRAMEWORK_HEADER = YES;
				CLANG_WARN_RANGE_LOOP_ANALYSIS = YES;
				CLANG_WARN_STRICT_PROTOTYPES = YES;
				CLANG_WARN_SUSPICIOUS_MOVE = YES;
				CLANG_WARN_UNREACHABLE_CODE = YES;
				CLANG_WARN__DUPLICATE_METHOD_MATCH = YES;
				"CODE_SIGN_IDENTITY[sdk=iphoneos*]" = "iPhone Developer";
				COPY_PHASE_STRIP = YES;
				ENABLE_NS_ASSERTIONS = NO;
				ENABLE_STRICT_OBJC_MSGSEND = YES;
				"EXCLUDED_ARCHS[sdk=iphonesimulator*]" = "";
				GCC_C_LANGUAGE_STANDARD = gnu99;
				GCC_NO_COMMON_BLOCKS = YES;
				GCC_WARN_64_TO_32_BIT_CONVERSION = YES;
				GCC_WARN_ABOUT_RETURN_TYPE = YES_ERROR;
				GCC_WARN_UNDECLARED_SELECTOR = YES;
				GCC_WARN_UNINITIALIZED_AUTOS = YES_AGGRESSIVE;
				GCC_WARN_UNUSED_FUNCTION = YES;
				GCC_WARN_UNUSED_VARIABLE = YES;
				IPHONEOS_DEPLOYMENT_TARGET = 15.1;
				LD_RUNPATH_SEARCH_PATHS = (
					/usr/lib/swift,
					"$(inherited)",
				);
				LIBRARY_SEARCH_PATHS = (
					"\"$(SDKROOT)/usr/lib/swift\"",
					"\"$(TOOLCHAIN_DIR)/usr/lib/swift/$(PLATFORM_NAME)\"",
					"\"$(inherited)\"",
				);
				MTL_ENABLE_DEBUG_INFO = NO;
				OTHER_CPLUSPLUSFLAGS = (
					"$(OTHER_CFLAGS)",
					"-DFOLLY_NO_CONFIG",
					"-DFOLLY_MOBILE=1",
					"-DFOLLY_USE_LIBCPP=1",
					"-DFOLLY_CFG_NO_COROUTINES=1",
					"-DFOLLY_HAVE_CLOCK_GETTIME=1",
				);
				OTHER_LDFLAGS = (
					"$(inherited)",
					" ",
				);
				REACT_NATIVE_PATH = "${PODS_ROOT}/../../node_modules/react-native";
				SDKROOT = iphoneos;
				USE_HERMES = true;
				VALIDATE_PRODUCT = YES;
			};
			name = Release;
		};
/* End XCBuildConfiguration section */

/* Begin XCConfigurationList section */
		13B07F931A680F5B00A75B9A /* Build configuration list for PBXNativeTarget "Samplew" */ = {
			isa = XCConfigurationList;
			buildConfigurations = (
				13B07F941A680F5B00A75B9A /* Debug */,
				13B07F951A680F5B00A75B9A /* Release */,
			);
			defaultConfigurationIsVisible = 0;
			defaultConfigurationName = Release;
		};
		83CBB9FA1A601CBA00E9B192 /* Build configuration list for PBXProject "Samplew" */ = {
			isa = XCConfigurationList;
			buildConfigurations = (
				83CBBA201A601CBA00E9B192 /* Debug */,
				83CBBA211A601CBA00E9B192 /* Release */,
			);
			defaultConfigurationIsVisible = 0;
			defaultConfigurationName = Release;
		};
/* End XCConfigurationList section */
	};
	rootObject = 83CBB9F71A601CBA00E9B192 /* Project object */;
}
